
Microsoft Visual Studio Solution File, Format Version 12.00
# Visual Studio Version 17
VisualStudioVersion = 17.0.31903.59
MinimumVisualStudioVersion = 10.0.40219.1
Project("{FAE04EC0-301F-11D3-BF4B-00C04F79EFBC}") = "BeginnersGuide", "src\BeginnersGuide\BeginnersGuide.csproj", "{C5A30889-7B23-42D0-8F45-48FFF35D9F8E}"
EndProject
Project("{FAE04EC0-301F-11D3-BF4B-00C04F79EFBC}") = "BeginnersGuide.Tests", "src\BeginnersGuide.Tests\BeginnersGuide.Tests.csproj", "{4C1024FA-9C99-4B69-B700-8F4E5B662B65}"
EndProject
Global
	GlobalSection(SolutionConfigurationPlatforms) = preSolution
		Debug|Any CPU = Debug|Any CPU
		Release|Any CPU = Release|Any CPU
	EndGlobalSection
	GlobalSection(ProjectConfigurationPlatforms) = postSolution
		{C5A30889-7B23-42D0-8F45-48FFF35D9F8E}.Debug|Any CPU.ActiveCfg = Debug|Any CPU
		{C5A30889-7B23-42D0-8F45-48FFF35D9F8E}.Debug|Any CPU.Build.0 = Debug|Any CPU
		{C5A30889-7B23-42D0-8F45-48FFF35D9F8E}.Release|Any CPU.ActiveCfg = Release|Any CPU
		{C5A30889-7B23-42D0-8F45-48FFF35D9F8E}.Release|Any CPU.Build.0 = Release|Any CPU
		{4C1024FA-9C99-4B69-B700-8F4E5B662B65}.Debug|Any CPU.ActiveCfg = Debug|Any CPU
		{4C1024FA-9C99-4B69-B700-8F4E5B662B65}.Debug|Any CPU.Build.0 = Debug|Any CPU
		{4C1024FA-9C99-4B69-B700-8F4E5B662B65}.Release|Any CPU.ActiveCfg = Release|Any CPU
		{4C1024FA-9C99-4B69-B700-8F4E5B662B65}.Release|Any CPU.Build.0 = Release|Any CPU
	EndGlobalSection
	GlobalSection(SolutionProperties) = preSolution
		HideSolutionNode = FALSE
	EndGlobalSection
EndGlobal
